{
  "originHash" : "cd11adef46300074e7818338617841e583d517dc582ba6c78a02d24517366fd8",
  "pins" : [
    {
      "identity" : "pinlayout",
      "kind" : "remoteSourceControl",
      "location" : "https://github.com/layoutBox/PinLayout",
      "state" : {
        "revision" : "72f5300042618340df21500f6c4ce71bb78b93e1",
        "version" : "1.10.6"
      }
    },
    {
      "identity" : "snapkit",
      "kind" : "remoteSourceControl",
      "location" : "https://github.com/SnapKit/SnapKit.git",
      "state" : {
        "revision" : "2842e6e84e82eb9a8dac0100ca90d9444b0307f4",
        "version" : "5.7.1"
      }
    }
  ],
  "version" : 3
}
